
Microsoft Visual Studio Solution File, Format Version 12.00
# Visual Studio 14
VisualStudioVersion = 14.0.25420.1
MinimumVisualStudioVersion = 10.0.40219.1
Project("{8BC9CEB8-8B4A-11D0-8D11-00A0C91BC942}") = "1002", "1002\1002.vcxproj", "{6AF950CB-E03F-4297-9E78-D46354510656}"
EndProject
Project("{8BC9CEB8-8B4A-11D0-8D11-00A0C91BC942}") = "1003", "1003\1003.vcxproj", "{792036CE-8475-41C8-BDC7-46AFBA68969D}"
EndProject
Project("{8BC9CEB8-8B4A-11D0-8D11-00A0C91BC942}") = "1006", "1006\1006.vcxproj", "{0AD353F7-EF5F-483F-BDFC-945FFDFC123B}"
EndProject
Project("{8BC9CEB8-8B4A-11D0-8D11-00A0C91BC942}") = "1011", "1011\1011.vcxproj", "{5FB64CC7-C849-460D-B058-A9AD57DAA7EC}"
EndProject
Project("{8BC9CEB8-8B4A-11D0-8D11-00A0C91BC942}") = "1016", "1016\1016.vcxproj", "{1C16E266-064C-4B32-904A-501CF77B7062}"
EndProject
Project("{8BC9CEB8-8B4A-11D0-8D11-00A0C91BC942}") = "1021", "1021\1021.vcxproj", "{21E8A68E-F5B6-4425-A19F-BFE5861E227B}"
EndProject
Project("{8BC9CEB8-8B4A-11D0-8D11-00A0C91BC942}") = "1026", "1026\1026.vcxproj", "{32A2E099-F31C-4085-99F9-22FBD725AA6B}"
EndProject
Project("{8BC9CEB8-8B4A-11D0-8D11-00A0C91BC942}") = "1031", "1031\1031.vcxproj", "{C18CDEAC-A814-43CC-B510-871C9EE71674}"
EndProject
Project("{8BC9CEB8-8B4A-11D0-8D11-00A0C91BC942}") = "1036", "1036\1036.vcxproj", "{51272C9A-799F-4522-AF38-8E4534AA9642}"
EndProject
Project("{8BC9CEB8-8B4A-11D0-8D11-00A0C91BC942}") = "1041", "1041\1041.vcxproj", "{080C3FD7-7F21-47AB-900D-88A30B95F678}"
EndProject
Project("{8BC9CEB8-8B4A-11D0-8D11-00A0C91BC942}") = "1046", "1046\1046.vcxproj", "{BA62CE5E-DE79-4274-9D6F-B699A5605FE9}"
EndProject
Project("{8BC9CEB8-8B4A-11D0-8D11-00A0C91BC942}") = "1051", "1051\1051.vcxproj", "{24A34479-6224-4674-95BB-308ED83E3080}"
EndProject
Project("{8BC9CEB8-8B4A-11D0-8D11-00A0C91BC942}") = "1056", "1056\1056.vcxproj", "{5F5B388B-F9AE-4B1A-91BF-3F65E78C9455}"
EndProject
Project("{8BC9CEB8-8B4A-11D0-8D11-00A0C91BC942}") = "1061", "1061\1061.vcxproj", "{61140DD6-D307-4D67-A6C6-236AFFFD5BE2}"
EndProject
Project("{8BC9CEB8-8B4A-11D0-8D11-00A0C91BC942}") = "1066", "1066\1066.vcxproj", "{5D4B9DE3-78CE-4565-83B7-CE26BCBC43C0}"
EndProject
Project("{8BC9CEB8-8B4A-11D0-8D11-00A0C91BC942}") = "1004", "1004\1004.vcxproj", "{1AF37030-211B-4ED3-8140-5FF9CD15EF4F}"
EndProject
Project("{8BC9CEB8-8B4A-11D0-8D11-00A0C91BC942}") = "1007", "1007\1007.vcxproj", "{CD997FD9-A9D2-4CA9-B7D3-15833AE85BE8}"
EndProject
Project("{8BC9CEB8-8B4A-11D0-8D11-00A0C91BC942}") = "1008", "1008\1008.vcxproj", "{6F583431-3E87-4331-AAF9-2151456521D0}"
EndProject
Project("{8BC9CEB8-8B4A-11D0-8D11-00A0C91BC942}") = "1008_plus", "1008_plus\1008_plus.vcxproj", "{7FAA0D35-DF9A-4ECE-A0F2-2E2444C34F5E}"
EndProject
Project("{8BC9CEB8-8B4A-11D0-8D11-00A0C91BC942}") = "1009", "1009\1009.vcxproj", "{75118503-6D80-4196-82C6-A1AFC1949DC6}"
EndProject
Project("{8BC9CEB8-8B4A-11D0-8D11-00A0C91BC942}") = "1012", "1012\1012.vcxproj", "{1429FA23-1CEF-485A-8202-1D6A3851E035}"
EndProject
Project("{8BC9CEB8-8B4A-11D0-8D11-00A0C91BC942}") = "1013", "1013\1013.vcxproj", "{9E715323-C779-40FC-8872-73ECA4CBC887}"
EndProject
Project("{8BC9CEB8-8B4A-11D0-8D11-00A0C91BC942}") = "1014", "1014\1014.vcxproj", "{8523649D-BF11-46F5-BAF4-2C16395C4E4F}"
EndProject
Project("{8BC9CEB8-8B4A-11D0-8D11-00A0C91BC942}") = "1017", "1017\1017.vcxproj", "{F6ECCB53-9B53-4FD6-BFD3-652CA115B92A}"
EndProject
Project("{8BC9CEB8-8B4A-11D0-8D11-00A0C91BC942}") = "1018", "1018\1018.vcxproj", "{F9A4ABC5-D229-4ACD-893E-B175B53C7185}"
EndProject
Project("{8BC9CEB8-8B4A-11D0-8D11-00A0C91BC942}") = "1019", "1019\1019.vcxproj", "{11761687-F573-4F83-940A-870B1BF12F9C}"
EndProject
Project("{8BC9CEB8-8B4A-11D0-8D11-00A0C91BC942}") = "1022", "1022\1022.vcxproj", "{2B173D94-8B0F-4C05-B4AC-034C1CF266ED}"
EndProject
Project("{8BC9CEB8-8B4A-11D0-8D11-00A0C91BC942}") = "1023", "1023\1023.vcxproj", "{155846CA-9FC1-45CB-96EF-22BCEBEFB3B9}"
EndProject
Project("{8BC9CEB8-8B4A-11D0-8D11-00A0C91BC942}") = "1024", "1024\1024.vcxproj", "{42956424-B811-44CF-9574-9FC0479E7FAE}"
EndProject
Project("{8BC9CEB8-8B4A-11D0-8D11-00A0C91BC942}") = "1027", "1027\1027.vcxproj", "{3C0C360C-EAA2-469B-B118-1414DE3A662F}"
EndProject
Project("{8BC9CEB8-8B4A-11D0-8D11-00A0C91BC942}") = "1028", "1028\1028.vcxproj", "{81C68EC7-E310-4189-A6A1-8097FF96E6E8}"
EndProject
Project("{8BC9CEB8-8B4A-11D0-8D11-00A0C91BC942}") = "1029", "1029\1029.vcxproj", "{CD7064F2-9053-410D-80E1-79EAA63B6CDE}"
EndProject
Project("{8BC9CEB8-8B4A-11D0-8D11-00A0C91BC942}") = "1032", "1032\1032.vcxproj", "{F5D8E3E8-BE18-42B3-B32A-785BAD84EDD9}"
EndProject
Project("{8BC9CEB8-8B4A-11D0-8D11-00A0C91BC942}") = "1033", "1033\1033.vcxproj", "{4575D954-A672-462B-AB15-8651D16E6087}"
EndProject
Project("{8BC9CEB8-8B4A-11D0-8D11-00A0C91BC942}") = "1042", "1042\1042.vcxproj", "{C31B8D99-2539-4175-B59E-83C8CC919262}"
EndProject
Project("{8BC9CEB8-8B4A-11D0-8D11-00A0C91BC942}") = "1038", "1038\1038.vcxproj", "{411D4397-40B0-41ED-A729-22AA6350D496}"
EndProject
Project("{8BC9CEB8-8B4A-11D0-8D11-00A0C91BC942}") = "1038_plus", "1038_plus\1038_plus.vcxproj", "{5757F33F-D227-4489-AE88-8D674F42991C}"
EndProject
Project("{8BC9CEB8-8B4A-11D0-8D11-00A0C91BC942}") = "1039", "1039\1039.vcxproj", "{B19A65E7-56F5-4382-88C7-A2264E8D8936}"
EndProject
Project("{8BC9CEB8-8B4A-11D0-8D11-00A0C91BC942}") = "1037", "1037\1037.vcxproj", "{F6F088E2-281C-4B72-AD74-27A43985F7C4}"
EndProject
Project("{8BC9CEB8-8B4A-11D0-8D11-00A0C91BC942}") = "1043", "1043\1043.vcxproj", "{8EA327D0-C403-4630-907C-5930CE93D4B8}"
EndProject
Project("{8BC9CEB8-8B4A-11D0-8D11-00A0C91BC942}") = "1044", "1044\1044.vcxproj", "{71D58FB6-489D-4867-AAB2-04FF463161CA}"
EndProject
Project("{8BC9CEB8-8B4A-11D0-8D11-00A0C91BC942}") = "1047", "1047\1047.vcxproj", "{099D665E-25EC-47C7-AB0D-86BC4623A5F1}"
EndProject
Project("{8BC9CEB8-8B4A-11D0-8D11-00A0C91BC942}") = "1048", "1048\1048.vcxproj", "{37A5B8AB-DCFB-4B77-A533-96AB9D623B84}"
EndProject
Project("{8BC9CEB8-8B4A-11D0-8D11-00A0C91BC942}") = "1049", "1049\1049.vcxproj", "{3D078F49-A4DA-4686-9BD4-25866A32E8DC}"
EndProject
Project("{8BC9CEB8-8B4A-11D0-8D11-00A0C91BC942}") = "1052", "1052\1052.vcxproj", "{17AC65AA-1AE6-4DB2-AA5D-47F1FCBF56B1}"
EndProject
Project("{8BC9CEB8-8B4A-11D0-8D11-00A0C91BC942}") = "1053", "1053\1053.vcxproj", "{5D415CCC-05A7-4331-8152-42D32159EE8F}"
EndProject
Project("{8BC9CEB8-8B4A-11D0-8D11-00A0C91BC942}") = "1054", "1054\1054.vcxproj", "{2A1F6C09-F5A1-4BB5-A75C-F0B127C8593E}"
EndProject
Project("{8BC9CEB8-8B4A-11D0-8D11-00A0C91BC942}") = "1057", "1057\1057.vcxproj", "{F864115C-4CFB-4D8C-B515-7E3CF3BAD3B4}"
EndProject
Project("{8BC9CEB8-8B4A-11D0-8D11-00A0C91BC942}") = "1063", "1063\1063.vcxproj", "{E973C038-6753-48C2-8BEB-2FDF3B6533FB}"
EndProject
Project("{8BC9CEB8-8B4A-11D0-8D11-00A0C91BC942}") = "1058", "1058\1058.vcxproj", "{2CBEC84D-7C92-4660-8AC8-8FCE1DF3C187}"
EndProject
Project("{8BC9CEB8-8B4A-11D0-8D11-00A0C91BC942}") = "1059", "1059\1059.vcxproj", "{1384FE6E-B80C-4C45-B7DF-1945FE085C25}"
EndProject
Project("{8BC9CEB8-8B4A-11D0-8D11-00A0C91BC942}") = "1062", "1062\1062.vcxproj", "{AE14A36F-4665-469D-B514-C7566BBA6D17}"
EndProject
Project("{8BC9CEB8-8B4A-11D0-8D11-00A0C91BC942}") = "1064", "1064\1064.vcxproj", "{AB19558E-D181-49CA-84C6-B7181A2C729E}"
EndProject
Project("{8BC9CEB8-8B4A-11D0-8D11-00A0C91BC942}") = "1067", "1067\1067.vcxproj", "{3FCE989A-ED40-4899-AF15-502DDD40226C}"
EndProject
Project("{8BC9CEB8-8B4A-11D0-8D11-00A0C91BC942}") = "1068", "1068\1068.vcxproj", "{468BFB08-CB7A-44F8-935B-761D5FD52BD3}"
EndProject
Project("{8BC9CEB8-8B4A-11D0-8D11-00A0C91BC942}") = "1001", "1001\PAT_Basic Level.vcxproj", "{3850CE5F-11C6-4DB9-9744-8597BEF1DBC0}"
EndProject
Project("{8BC9CEB8-8B4A-11D0-8D11-00A0C91BC942}") = "1069", "1069\1069.vcxproj", "{7A935BD3-145A-45E8-A1C0-3138198ED515}"
EndProject
Project("{8BC9CEB8-8B4A-11D0-8D11-00A0C91BC942}") = "1005", "1005\1005.vcxproj", "{19C54E39-CB51-477C-84CF-A405009995E3}"
EndProject
Project("{8BC9CEB8-8B4A-11D0-8D11-00A0C91BC942}") = "1010", "1010\1010.vcxproj", "{0559AE19-1399-4E33-BB0A-98D97DAB0814}"
EndProject
Project("{8BC9CEB8-8B4A-11D0-8D11-00A0C91BC942}") = "1020", "1020\1020.vcxproj", "{6DD38F5B-1675-4DEF-9C0E-AD97EB579632}"
EndProject
Project("{8BC9CEB8-8B4A-11D0-8D11-00A0C91BC942}") = "1025", "1025\1025.vcxproj", "{983E70B8-01F0-40E2-8F04-C28514E1368B}"
EndProject
Project("{8BC9CEB8-8B4A-11D0-8D11-00A0C91BC942}") = "1030", "1030\1030.vcxproj", "{40E701F2-25E9-459A-BC27-E58D204612A1}"
EndProject
Global
	GlobalSection(SolutionConfigurationPlatforms) = preSolution
		Debug|x64 = Debug|x64
		Debug|x86 = Debug|x86
		Release|x64 = Release|x64
		Release|x86 = Release|x86
	EndGlobalSection
	GlobalSection(ProjectConfigurationPlatforms) = postSolution
		{6AF950CB-E03F-4297-9E78-D46354510656}.Debug|x64.ActiveCfg = Debug|x64
		{6AF950CB-E03F-4297-9E78-D46354510656}.Debug|x64.Build.0 = Debug|x64
		{6AF950CB-E03F-4297-9E78-D46354510656}.Debug|x86.ActiveCfg = Debug|Win32
		{6AF950CB-E03F-4297-9E78-D46354510656}.Debug|x86.Build.0 = Debug|Win32
		{6AF950CB-E03F-4297-9E78-D46354510656}.Release|x64.ActiveCfg = Release|x64
		{6AF950CB-E03F-4297-9E78-D46354510656}.Release|x64.Build.0 = Release|x64
		{6AF950CB-E03F-4297-9E78-D46354510656}.Release|x86.ActiveCfg = Release|Win32
		{6AF950CB-E03F-4297-9E78-D46354510656}.Release|x86.Build.0 = Release|Win32
		{792036CE-8475-41C8-BDC7-46AFBA68969D}.Debug|x64.ActiveCfg = Debug|x64
		{792036CE-8475-41C8-BDC7-46AFBA68969D}.Debug|x64.Build.0 = Debug|x64
		{792036CE-8475-41C8-BDC7-46AFBA68969D}.Debug|x86.ActiveCfg = Debug|Win32
		{792036CE-8475-41C8-BDC7-46AFBA68969D}.Debug|x86.Build.0 = Debug|Win32
		{792036CE-8475-41C8-BDC7-46AFBA68969D}.Release|x64.ActiveCfg = Release|x64
		{792036CE-8475-41C8-BDC7-46AFBA68969D}.Release|x64.Build.0 = Release|x64
		{792036CE-8475-41C8-BDC7-46AFBA68969D}.Release|x86.ActiveCfg = Release|Win32
		{792036CE-8475-41C8-BDC7-46AFBA68969D}.Release|x86.Build.0 = Release|Win32
		{0AD353F7-EF5F-483F-BDFC-945FFDFC123B}.Debug|x64.ActiveCfg = Debug|x64
		{0AD353F7-EF5F-483F-BDFC-945FFDFC123B}.Debug|x64.Build.0 = Debug|x64
		{0AD353F7-EF5F-483F-BDFC-945FFDFC123B}.Debug|x86.ActiveCfg = Debug|Win32
		{0AD353F7-EF5F-483F-BDFC-945FFDFC123B}.Debug|x86.Build.0 = Debug|Win32
		{0AD353F7-EF5F-483F-BDFC-945FFDFC123B}.Release|x64.ActiveCfg = Release|x64
		{0AD353F7-EF5F-483F-BDFC-945FFDFC123B}.Release|x64.Build.0 = Release|x64
		{0AD353F7-EF5F-483F-BDFC-945FFDFC123B}.Release|x86.ActiveCfg = Release|Win32
		{0AD353F7-EF5F-483F-BDFC-945FFDFC123B}.Release|x86.Build.0 = Release|Win32
		{5FB64CC7-C849-460D-B058-A9AD57DAA7EC}.Debug|x64.ActiveCfg = Debug|x64
		{5FB64CC7-C849-460D-B058-A9AD57DAA7EC}.Debug|x64.Build.0 = Debug|x64
		{5FB64CC7-C849-460D-B058-A9AD57DAA7EC}.Debug|x86.ActiveCfg = Debug|Win32
		{5FB64CC7-C849-460D-B058-A9AD57DAA7EC}.Debug|x86.Build.0 = Debug|Win32
		{5FB64CC7-C849-460D-B058-A9AD57DAA7EC}.Release|x64.ActiveCfg = Release|x64
		{5FB64CC7-C849-460D-B058-A9AD57DAA7EC}.Release|x64.Build.0 = Release|x64
		{5FB64CC7-C849-460D-B058-A9AD57DAA7EC}.Release|x86.ActiveCfg = Release|Win32
		{5FB64CC7-C849-460D-B058-A9AD57DAA7EC}.Release|x86.Build.0 = Release|Win32
		{1C16E266-064C-4B32-904A-501CF77B7062}.Debug|x64.ActiveCfg = Debug|x64
		{1C16E266-064C-4B32-904A-501CF77B7062}.Debug|x64.Build.0 = Debug|x64
		{1C16E266-064C-4B32-904A-501CF77B7062}.Debug|x86.ActiveCfg = Debug|Win32
		{1C16E266-064C-4B32-904A-501CF77B7062}.Debug|x86.Build.0 = Debug|Win32
		{1C16E266-064C-4B32-904A-501CF77B7062}.Release|x64.ActiveCfg = Release|x64
		{1C16E266-064C-4B32-904A-501CF77B7062}.Release|x64.Build.0 = Release|x64
		{1C16E266-064C-4B32-904A-501CF77B7062}.Release|x86.ActiveCfg = Release|Win32
		{1C16E266-064C-4B32-904A-501CF77B7062}.Release|x86.Build.0 = Release|Win32
		{21E8A68E-F5B6-4425-A19F-BFE5861E227B}.Debug|x64.ActiveCfg = Debug|x64
		{21E8A68E-F5B6-4425-A19F-BFE5861E227B}.Debug|x64.Build.0 = Debug|x64
		{21E8A68E-F5B6-4425-A19F-BFE5861E227B}.Debug|x86.ActiveCfg = Debug|Win32
		{21E8A68E-F5B6-4425-A19F-BFE5861E227B}.Debug|x86.Build.0 = Debug|Win32
		{21E8A68E-F5B6-4425-A19F-BFE5861E227B}.Release|x64.ActiveCfg = Release|x64
		{21E8A68E-F5B6-4425-A19F-BFE5861E227B}.Release|x64.Build.0 = Release|x64
		{21E8A68E-F5B6-4425-A19F-BFE5861E227B}.Release|x86.ActiveCfg = Release|Win32
		{21E8A68E-F5B6-4425-A19F-BFE5861E227B}.Release|x86.Build.0 = Release|Win32
		{32A2E099-F31C-4085-99F9-22FBD725AA6B}.Debug|x64.ActiveCfg = Debug|x64
		{32A2E099-F31C-4085-99F9-22FBD725AA6B}.Debug|x64.Build.0 = Debug|x64
		{32A2E099-F31C-4085-99F9-22FBD725AA6B}.Debug|x86.ActiveCfg = Debug|Win32
		{32A2E099-F31C-4085-99F9-22FBD725AA6B}.Debug|x86.Build.0 = Debug|Win32
		{32A2E099-F31C-4085-99F9-22FBD725AA6B}.Release|x64.ActiveCfg = Release|x64
		{32A2E099-F31C-4085-99F9-22FBD725AA6B}.Release|x64.Build.0 = Release|x64
		{32A2E099-F31C-4085-99F9-22FBD725AA6B}.Release|x86.ActiveCfg = Release|Win32
		{32A2E099-F31C-4085-99F9-22FBD725AA6B}.Release|x86.Build.0 = Release|Win32
		{C18CDEAC-A814-43CC-B510-871C9EE71674}.Debug|x64.ActiveCfg = Debug|x64
		{C18CDEAC-A814-43CC-B510-871C9EE71674}.Debug|x64.Build.0 = Debug|x64
		{C18CDEAC-A814-43CC-B510-871C9EE71674}.Debug|x86.ActiveCfg = Debug|Win32
		{C18CDEAC-A814-43CC-B510-871C9EE71674}.Debug|x86.Build.0 = Debug|Win32
		{C18CDEAC-A814-43CC-B510-871C9EE71674}.Release|x64.ActiveCfg = Release|x64
		{C18CDEAC-A814-43CC-B510-871C9EE71674}.Release|x64.Build.0 = Release|x64
		{C18CDEAC-A814-43CC-B510-871C9EE71674}.Release|x86.ActiveCfg = Release|Win32
		{C18CDEAC-A814-43CC-B510-871C9EE71674}.Release|x86.Build.0 = Release|Win32
		{51272C9A-799F-4522-AF38-8E4534AA9642}.Debug|x64.ActiveCfg = Debug|x64
		{51272C9A-799F-4522-AF38-8E4534AA9642}.Debug|x64.Build.0 = Debug|x64
		{51272C9A-799F-4522-AF38-8E4534AA9642}.Debug|x86.ActiveCfg = Debug|Win32
		{51272C9A-799F-4522-AF38-8E4534AA9642}.Debug|x86.Build.0 = Debug|Win32
		{51272C9A-799F-4522-AF38-8E4534AA9642}.Release|x64.ActiveCfg = Release|x64
		{51272C9A-799F-4522-AF38-8E4534AA9642}.Release|x64.Build.0 = Release|x64
		{51272C9A-799F-4522-AF38-8E4534AA9642}.Release|x86.ActiveCfg = Release|Win32
		{51272C9A-799F-4522-AF38-8E4534AA9642}.Release|x86.Build.0 = Release|Win32
		{080C3FD7-7F21-47AB-900D-88A30B95F678}.Debug|x64.ActiveCfg = Debug|x64
		{080C3FD7-7F21-47AB-900D-88A30B95F678}.Debug|x64.Build.0 = Debug|x64
		{080C3FD7-7F21-47AB-900D-88A30B95F678}.Debug|x86.ActiveCfg = Debug|Win32
		{080C3FD7-7F21-47AB-900D-88A30B95F678}.Debug|x86.Build.0 = Debug|Win32
		{080C3FD7-7F21-47AB-900D-88A30B95F678}.Release|x64.ActiveCfg = Release|x64
		{080C3FD7-7F21-47AB-900D-88A30B95F678}.Release|x64.Build.0 = Release|x64
		{080C3FD7-7F21-47AB-900D-88A30B95F678}.Release|x86.ActiveCfg = Release|Win32
		{080C3FD7-7F21-47AB-900D-88A30B95F678}.Release|x86.Build.0 = Release|Win32
		{BA62CE5E-DE79-4274-9D6F-B699A5605FE9}.Debug|x64.ActiveCfg = Debug|x64
		{BA62CE5E-DE79-4274-9D6F-B699A5605FE9}.Debug|x64.Build.0 = Debug|x64
		{BA62CE5E-DE79-4274-9D6F-B699A5605FE9}.Debug|x86.ActiveCfg = Debug|Win32
		{BA62CE5E-DE79-4274-9D6F-B699A5605FE9}.Debug|x86.Build.0 = Debug|Win32
		{BA62CE5E-DE79-4274-9D6F-B699A5605FE9}.Release|x64.ActiveCfg = Release|x64
		{BA62CE5E-DE79-4274-9D6F-B699A5605FE9}.Release|x64.Build.0 = Release|x64
		{BA62CE5E-DE79-4274-9D6F-B699A5605FE9}.Release|x86.ActiveCfg = Release|Win32
		{BA62CE5E-DE79-4274-9D6F-B699A5605FE9}.Release|x86.Build.0 = Release|Win32
		{24A34479-6224-4674-95BB-308ED83E3080}.Debug|x64.ActiveCfg = Debug|x64
		{24A34479-6224-4674-95BB-308ED83E3080}.Debug|x64.Build.0 = Debug|x64
		{24A34479-6224-4674-95BB-308ED83E3080}.Debug|x86.ActiveCfg = Debug|Win32
		{24A34479-6224-4674-95BB-308ED83E3080}.Debug|x86.Build.0 = Debug|Win32
		{24A34479-6224-4674-95BB-308ED83E3080}.Release|x64.ActiveCfg = Release|x64
		{24A34479-6224-4674-95BB-308ED83E3080}.Release|x64.Build.0 = Release|x64
		{24A34479-6224-4674-95BB-308ED83E3080}.Release|x86.ActiveCfg = Release|Win32
		{24A34479-6224-4674-95BB-308ED83E3080}.Release|x86.Build.0 = Release|Win32
		{5F5B388B-F9AE-4B1A-91BF-3F65E78C9455}.Debug|x64.ActiveCfg = Debug|x64
		{5F5B388B-F9AE-4B1A-91BF-3F65E78C9455}.Debug|x64.Build.0 = Debug|x64
		{5F5B388B-F9AE-4B1A-91BF-3F65E78C9455}.Debug|x86.ActiveCfg = Debug|Win32
		{5F5B388B-F9AE-4B1A-91BF-3F65E78C9455}.Debug|x86.Build.0 = Debug|Win32
		{5F5B388B-F9AE-4B1A-91BF-3F65E78C9455}.Release|x64.ActiveCfg = Release|x64
		{5F5B388B-F9AE-4B1A-91BF-3F65E78C9455}.Release|x64.Build.0 = Release|x64
		{5F5B388B-F9AE-4B1A-91BF-3F65E78C9455}.Release|x86.ActiveCfg = Release|Win32
		{5F5B388B-F9AE-4B1A-91BF-3F65E78C9455}.Release|x86.Build.0 = Release|Win32
		{61140DD6-D307-4D67-A6C6-236AFFFD5BE2}.Debug|x64.ActiveCfg = Debug|x64
		{61140DD6-D307-4D67-A6C6-236AFFFD5BE2}.Debug|x64.Build.0 = Debug|x64
		{61140DD6-D307-4D67-A6C6-236AFFFD5BE2}.Debug|x86.ActiveCfg = Debug|Win32
		{61140DD6-D307-4D67-A6C6-236AFFFD5BE2}.Debug|x86.Build.0 = Debug|Win32
		{61140DD6-D307-4D67-A6C6-236AFFFD5BE2}.Release|x64.ActiveCfg = Release|x64
		{61140DD6-D307-4D67-A6C6-236AFFFD5BE2}.Release|x64.Build.0 = Release|x64
		{61140DD6-D307-4D67-A6C6-236AFFFD5BE2}.Release|x86.ActiveCfg = Release|Win32
		{61140DD6-D307-4D67-A6C6-236AFFFD5BE2}.Release|x86.Build.0 = Release|Win32
		{5D4B9DE3-78CE-4565-83B7-CE26BCBC43C0}.Debug|x64.ActiveCfg = Debug|x64
		{5D4B9DE3-78CE-4565-83B7-CE26BCBC43C0}.Debug|x64.Build.0 = Debug|x64
		{5D4B9DE3-78CE-4565-83B7-CE26BCBC43C0}.Debug|x86.ActiveCfg = Debug|Win32
		{5D4B9DE3-78CE-4565-83B7-CE26BCBC43C0}.Debug|x86.Build.0 = Debug|Win32
		{5D4B9DE3-78CE-4565-83B7-CE26BCBC43C0}.Release|x64.ActiveCfg = Release|x64
		{5D4B9DE3-78CE-4565-83B7-CE26BCBC43C0}.Release|x64.Build.0 = Release|x64
		{5D4B9DE3-78CE-4565-83B7-CE26BCBC43C0}.Release|x86.ActiveCfg = Release|Win32
		{5D4B9DE3-78CE-4565-83B7-CE26BCBC43C0}.Release|x86.Build.0 = Release|Win32
		{1AF37030-211B-4ED3-8140-5FF9CD15EF4F}.Debug|x64.ActiveCfg = Debug|x64
		{1AF37030-211B-4ED3-8140-5FF9CD15EF4F}.Debug|x64.Build.0 = Debug|x64
		{1AF37030-211B-4ED3-8140-5FF9CD15EF4F}.Debug|x86.ActiveCfg = Debug|Win32
		{1AF37030-211B-4ED3-8140-5FF9CD15EF4F}.Debug|x86.Build.0 = Debug|Win32
		{1AF37030-211B-4ED3-8140-5FF9CD15EF4F}.Release|x64.ActiveCfg = Release|x64
		{1AF37030-211B-4ED3-8140-5FF9CD15EF4F}.Release|x64.Build.0 = Release|x64
		{1AF37030-211B-4ED3-8140-5FF9CD15EF4F}.Release|x86.ActiveCfg = Release|Win32
		{1AF37030-211B-4ED3-8140-5FF9CD15EF4F}.Release|x86.Build.0 = Release|Win32
		{CD997FD9-A9D2-4CA9-B7D3-15833AE85BE8}.Debug|x64.ActiveCfg = Debug|x64
		{CD997FD9-A9D2-4CA9-B7D3-15833AE85BE8}.Debug|x64.Build.0 = Debug|x64
		{CD997FD9-A9D2-4CA9-B7D3-15833AE85BE8}.Debug|x86.ActiveCfg = Debug|Win32
		{CD997FD9-A9D2-4CA9-B7D3-15833AE85BE8}.Debug|x86.Build.0 = Debug|Win32
		{CD997FD9-A9D2-4CA9-B7D3-15833AE85BE8}.Release|x64.ActiveCfg = Release|x64
		{CD997FD9-A9D2-4CA9-B7D3-15833AE85BE8}.Release|x64.Build.0 = Release|x64
		{CD997FD9-A9D2-4CA9-B7D3-15833AE85BE8}.Release|x86.ActiveCfg = Release|Win32
		{CD997FD9-A9D2-4CA9-B7D3-15833AE85BE8}.Release|x86.Build.0 = Release|Win32
		{6F583431-3E87-4331-AAF9-2151456521D0}.Debug|x64.ActiveCfg = Debug|x64
		{6F583431-3E87-4331-AAF9-2151456521D0}.Debug|x64.Build.0 = Debug|x64
		{6F583431-3E87-4331-AAF9-2151456521D0}.Debug|x86.ActiveCfg = Debug|Win32
		{6F583431-3E87-4331-AAF9-2151456521D0}.Debug|x86.Build.0 = Debug|Win32
		{6F583431-3E87-4331-AAF9-2151456521D0}.Release|x64.ActiveCfg = Release|x64
		{6F583431-3E87-4331-AAF9-2151456521D0}.Release|x64.Build.0 = Release|x64
		{6F583431-3E87-4331-AAF9-2151456521D0}.Release|x86.ActiveCfg = Release|Win32
		{6F583431-3E87-4331-AAF9-2151456521D0}.Release|x86.Build.0 = Release|Win32
		{7FAA0D35-DF9A-4ECE-A0F2-2E2444C34F5E}.Debug|x64.ActiveCfg = Debug|x64
		{7FAA0D35-DF9A-4ECE-A0F2-2E2444C34F5E}.Debug|x64.Build.0 = Debug|x64
		{7FAA0D35-DF9A-4ECE-A0F2-2E2444C34F5E}.Debug|x86.ActiveCfg = Debug|Win32
		{7FAA0D35-DF9A-4ECE-A0F2-2E2444C34F5E}.Debug|x86.Build.0 = Debug|Win32
		{7FAA0D35-DF9A-4ECE-A0F2-2E2444C34F5E}.Release|x64.ActiveCfg = Release|x64
		{7FAA0D35-DF9A-4ECE-A0F2-2E2444C34F5E}.Release|x64.Build.0 = Release|x64
		{7FAA0D35-DF9A-4ECE-A0F2-2E2444C34F5E}.Release|x86.ActiveCfg = Release|Win32
		{7FAA0D35-DF9A-4ECE-A0F2-2E2444C34F5E}.Release|x86.Build.0 = Release|Win32
		{75118503-6D80-4196-82C6-A1AFC1949DC6}.Debug|x64.ActiveCfg = Debug|x64
		{75118503-6D80-4196-82C6-A1AFC1949DC6}.Debug|x64.Build.0 = Debug|x64
		{75118503-6D80-4196-82C6-A1AFC1949DC6}.Debug|x86.ActiveCfg = Debug|Win32
		{75118503-6D80-4196-82C6-A1AFC1949DC6}.Debug|x86.Build.0 = Debug|Win32
		{75118503-6D80-4196-82C6-A1AFC1949DC6}.Release|x64.ActiveCfg = Release|x64
		{75118503-6D80-4196-82C6-A1AFC1949DC6}.Release|x64.Build.0 = Release|x64
		{75118503-6D80-4196-82C6-A1AFC1949DC6}.Release|x86.ActiveCfg = Release|Win32
		{75118503-6D80-4196-82C6-A1AFC1949DC6}.Release|x86.Build.0 = Release|Win32
		{1429FA23-1CEF-485A-8202-1D6A3851E035}.Debug|x64.ActiveCfg = Debug|x64
		{1429FA23-1CEF-485A-8202-1D6A3851E035}.Debug|x64.Build.0 = Debug|x64
		{1429FA23-1CEF-485A-8202-1D6A3851E035}.Debug|x86.ActiveCfg = Debug|Win32
		{1429FA23-1CEF-485A-8202-1D6A3851E035}.Debug|x86.Build.0 = Debug|Win32
		{1429FA23-1CEF-485A-8202-1D6A3851E035}.Release|x64.ActiveCfg = Release|x64
		{1429FA23-1CEF-485A-8202-1D6A3851E035}.Release|x64.Build.0 = Release|x64
		{1429FA23-1CEF-485A-8202-1D6A3851E035}.Release|x86.ActiveCfg = Release|Win32
		{1429FA23-1CEF-485A-8202-1D6A3851E035}.Release|x86.Build.0 = Release|Win32
		{9E715323-C779-40FC-8872-73ECA4CBC887}.Debug|x64.ActiveCfg = Debug|x64
		{9E715323-C779-40FC-8872-73ECA4CBC887}.Debug|x64.Build.0 = Debug|x64
		{9E715323-C779-40FC-8872-73ECA4CBC887}.Debug|x86.ActiveCfg = Debug|Win32
		{9E715323-C779-40FC-8872-73ECA4CBC887}.Debug|x86.Build.0 = Debug|Win32
		{9E715323-C779-40FC-8872-73ECA4CBC887}.Release|x64.ActiveCfg = Release|x64
		{9E715323-C779-40FC-8872-73ECA4CBC887}.Release|x64.Build.0 = Release|x64
		{9E715323-C779-40FC-8872-73ECA4CBC887}.Release|x86.ActiveCfg = Release|Win32
		{9E715323-C779-40FC-8872-73ECA4CBC887}.Release|x86.Build.0 = Release|Win32
		{8523649D-BF11-46F5-BAF4-2C16395C4E4F}.Debug|x64.ActiveCfg = Debug|x64
		{8523649D-BF11-46F5-BAF4-2C16395C4E4F}.Debug|x64.Build.0 = Debug|x64
		{8523649D-BF11-46F5-BAF4-2C16395C4E4F}.Debug|x86.ActiveCfg = Debug|Win32
		{8523649D-BF11-46F5-BAF4-2C16395C4E4F}.Debug|x86.Build.0 = Debug|Win32
		{8523649D-BF11-46F5-BAF4-2C16395C4E4F}.Release|x64.ActiveCfg = Release|x64
		{8523649D-BF11-46F5-BAF4-2C16395C4E4F}.Release|x64.Build.0 = Release|x64
		{8523649D-BF11-46F5-BAF4-2C16395C4E4F}.Release|x86.ActiveCfg = Release|Win32
		{8523649D-BF11-46F5-BAF4-2C16395C4E4F}.Release|x86.Build.0 = Release|Win32
		{F6ECCB53-9B53-4FD6-BFD3-652CA115B92A}.Debug|x64.ActiveCfg = Debug|x64
		{F6ECCB53-9B53-4FD6-BFD3-652CA115B92A}.Debug|x64.Build.0 = Debug|x64
		{F6ECCB53-9B53-4FD6-BFD3-652CA115B92A}.Debug|x86.ActiveCfg = Debug|Win32
		{F6ECCB53-9B53-4FD6-BFD3-652CA115B92A}.Debug|x86.Build.0 = Debug|Win32
		{F6ECCB53-9B53-4FD6-BFD3-652CA115B92A}.Release|x64.ActiveCfg = Release|x64
		{F6ECCB53-9B53-4FD6-BFD3-652CA115B92A}.Release|x64.Build.0 = Release|x64
		{F6ECCB53-9B53-4FD6-BFD3-652CA115B92A}.Release|x86.ActiveCfg = Release|Win32
		{F6ECCB53-9B53-4FD6-BFD3-652CA115B92A}.Release|x86.Build.0 = Release|Win32
		{F9A4ABC5-D229-4ACD-893E-B175B53C7185}.Debug|x64.ActiveCfg = Debug|x64
		{F9A4ABC5-D229-4ACD-893E-B175B53C7185}.Debug|x64.Build.0 = Debug|x64
		{F9A4ABC5-D229-4ACD-893E-B175B53C7185}.Debug|x86.ActiveCfg = Debug|Win32
		{F9A4ABC5-D229-4ACD-893E-B175B53C7185}.Debug|x86.Build.0 = Debug|Win32
		{F9A4ABC5-D229-4ACD-893E-B175B53C7185}.Release|x64.ActiveCfg = Release|x64
		{F9A4ABC5-D229-4ACD-893E-B175B53C7185}.Release|x64.Build.0 = Release|x64
		{F9A4ABC5-D229-4ACD-893E-B175B53C7185}.Release|x86.ActiveCfg = Release|Win32
		{F9A4ABC5-D229-4ACD-893E-B175B53C7185}.Release|x86.Build.0 = Release|Win32
		{11761687-F573-4F83-940A-870B1BF12F9C}.Debug|x64.ActiveCfg = Debug|x64
		{11761687-F573-4F83-940A-870B1BF12F9C}.Debug|x64.Build.0 = Debug|x64
		{11761687-F573-4F83-940A-870B1BF12F9C}.Debug|x86.ActiveCfg = Debug|Win32
		{11761687-F573-4F83-940A-870B1BF12F9C}.Debug|x86.Build.0 = Debug|Win32
		{11761687-F573-4F83-940A-870B1BF12F9C}.Release|x64.ActiveCfg = Release|x64
		{11761687-F573-4F83-940A-870B1BF12F9C}.Release|x64.Build.0 = Release|x64
		{11761687-F573-4F83-940A-870B1BF12F9C}.Release|x86.ActiveCfg = Release|Win32
		{11761687-F573-4F83-940A-870B1BF12F9C}.Release|x86.Build.0 = Release|Win32
		{2B173D94-8B0F-4C05-B4AC-034C1CF266ED}.Debug|x64.ActiveCfg = Debug|x64
		{2B173D94-8B0F-4C05-B4AC-034C1CF266ED}.Debug|x64.Build.0 = Debug|x64
		{2B173D94-8B0F-4C05-B4AC-034C1CF266ED}.Debug|x86.ActiveCfg = Debug|Win32
		{2B173D94-8B0F-4C05-B4AC-034C1CF266ED}.Debug|x86.Build.0 = Debug|Win32
		{2B173D94-8B0F-4C05-B4AC-034C1CF266ED}.Release|x64.ActiveCfg = Release|x64
		{2B173D94-8B0F-4C05-B4AC-034C1CF266ED}.Release|x64.Build.0 = Release|x64
		{2B173D94-8B0F-4C05-B4AC-034C1CF266ED}.Release|x86.ActiveCfg = Release|Win32
		{2B173D94-8B0F-4C05-B4AC-034C1CF266ED}.Release|x86.Build.0 = Release|Win32
		{155846CA-9FC1-45CB-96EF-22BCEBEFB3B9}.Debug|x64.ActiveCfg = Debug|x64
		{155846CA-9FC1-45CB-96EF-22BCEBEFB3B9}.Debug|x64.Build.0 = Debug|x64
		{155846CA-9FC1-45CB-96EF-22BCEBEFB3B9}.Debug|x86.ActiveCfg = Debug|Win32
		{155846CA-9FC1-45CB-96EF-22BCEBEFB3B9}.Debug|x86.Build.0 = Debug|Win32
		{155846CA-9FC1-45CB-96EF-22BCEBEFB3B9}.Release|x64.ActiveCfg = Release|x64
		{155846CA-9FC1-45CB-96EF-22BCEBEFB3B9}.Release|x64.Build.0 = Release|x64
		{155846CA-9FC1-45CB-96EF-22BCEBEFB3B9}.Release|x86.ActiveCfg = Release|Win32
		{155846CA-9FC1-45CB-96EF-22BCEBEFB3B9}.Release|x86.Build.0 = Release|Win32
		{42956424-B811-44CF-9574-9FC0479E7FAE}.Debug|x64.ActiveCfg = Debug|x64
		{42956424-B811-44CF-9574-9FC0479E7FAE}.Debug|x64.Build.0 = Debug|x64
		{42956424-B811-44CF-9574-9FC0479E7FAE}.Debug|x86.ActiveCfg = Debug|Win32
		{42956424-B811-44CF-9574-9FC0479E7FAE}.Debug|x86.Build.0 = Debug|Win32
		{42956424-B811-44CF-9574-9FC0479E7FAE}.Release|x64.ActiveCfg = Release|x64
		{42956424-B811-44CF-9574-9FC0479E7FAE}.Release|x64.Build.0 = Release|x64
		{42956424-B811-44CF-9574-9FC0479E7FAE}.Release|x86.ActiveCfg = Release|Win32
		{42956424-B811-44CF-9574-9FC0479E7FAE}.Release|x86.Build.0 = Release|Win32
		{3C0C360C-EAA2-469B-B118-1414DE3A662F}.Debug|x64.ActiveCfg = Debug|x64
		{3C0C360C-EAA2-469B-B118-1414DE3A662F}.Debug|x64.Build.0 = Debug|x64
		{3C0C360C-EAA2-469B-B118-1414DE3A662F}.Debug|x86.ActiveCfg = Debug|Win32
		{3C0C360C-EAA2-469B-B118-1414DE3A662F}.Debug|x86.Build.0 = Debug|Win32
		{3C0C360C-EAA2-469B-B118-1414DE3A662F}.Release|x64.ActiveCfg = Release|x64
		{3C0C360C-EAA2-469B-B118-1414DE3A662F}.Release|x64.Build.0 = Release|x64
		{3C0C360C-EAA2-469B-B118-1414DE3A662F}.Release|x86.ActiveCfg = Release|Win32
		{3C0C360C-EAA2-469B-B118-1414DE3A662F}.Release|x86.Build.0 = Release|Win32
		{81C68EC7-E310-4189-A6A1-8097FF96E6E8}.Debug|x64.ActiveCfg = Debug|x64
		{81C68EC7-E310-4189-A6A1-8097FF96E6E8}.Debug|x64.Build.0 = Debug|x64
		{81C68EC7-E310-4189-A6A1-8097FF96E6E8}.Debug|x86.ActiveCfg = Debug|Win32
		{81C68EC7-E310-4189-A6A1-8097FF96E6E8}.Debug|x86.Build.0 = Debug|Win32
		{81C68EC7-E310-4189-A6A1-8097FF96E6E8}.Release|x64.ActiveCfg = Release|x64
		{81C68EC7-E310-4189-A6A1-8097FF96E6E8}.Release|x64.Build.0 = Release|x64
		{81C68EC7-E310-4189-A6A1-8097FF96E6E8}.Release|x86.ActiveCfg = Release|Win32
		{81C68EC7-E310-4189-A6A1-8097FF96E6E8}.Release|x86.Build.0 = Release|Win32
		{CD7064F2-9053-410D-80E1-79EAA63B6CDE}.Debug|x64.ActiveCfg = Debug|x64
		{CD7064F2-9053-410D-80E1-79EAA63B6CDE}.Debug|x64.Build.0 = Debug|x64
		{CD7064F2-9053-410D-80E1-79EAA63B6CDE}.Debug|x86.ActiveCfg = Debug|Win32
		{CD7064F2-9053-410D-80E1-79EAA63B6CDE}.Debug|x86.Build.0 = Debug|Win32
		{CD7064F2-9053-410D-80E1-79EAA63B6CDE}.Release|x64.ActiveCfg = Release|x64
		{CD7064F2-9053-410D-80E1-79EAA63B6CDE}.Release|x64.Build.0 = Release|x64
		{CD7064F2-9053-410D-80E1-79EAA63B6CDE}.Release|x86.ActiveCfg = Release|Win32
		{CD7064F2-9053-410D-80E1-79EAA63B6CDE}.Release|x86.Build.0 = Release|Win32
		{F5D8E3E8-BE18-42B3-B32A-785BAD84EDD9}.Debug|x64.ActiveCfg = Debug|x64
		{F5D8E3E8-BE18-42B3-B32A-785BAD84EDD9}.Debug|x64.Build.0 = Debug|x64
		{F5D8E3E8-BE18-42B3-B32A-785BAD84EDD9}.Debug|x86.ActiveCfg = Debug|Win32
		{F5D8E3E8-BE18-42B3-B32A-785BAD84EDD9}.Debug|x86.Build.0 = Debug|Win32
		{F5D8E3E8-BE18-42B3-B32A-785BAD84EDD9}.Release|x64.ActiveCfg = Release|x64
		{F5D8E3E8-BE18-42B3-B32A-785BAD84EDD9}.Release|x64.Build.0 = Release|x64
		{F5D8E3E8-BE18-42B3-B32A-785BAD84EDD9}.Release|x86.ActiveCfg = Release|Win32
		{F5D8E3E8-BE18-42B3-B32A-785BAD84EDD9}.Release|x86.Build.0 = Release|Win32
		{4575D954-A672-462B-AB15-8651D16E6087}.Debug|x64.ActiveCfg = Debug|x64
		{4575D954-A672-462B-AB15-8651D16E6087}.Debug|x64.Build.0 = Debug|x64
		{4575D954-A672-462B-AB15-8651D16E6087}.Debug|x86.ActiveCfg = Debug|Win32
		{4575D954-A672-462B-AB15-8651D16E6087}.Debug|x86.Build.0 = Debug|Win32
		{4575D954-A672-462B-AB15-8651D16E6087}.Release|x64.ActiveCfg = Release|x64
		{4575D954-A672-462B-AB15-8651D16E6087}.Release|x64.Build.0 = Release|x64
		{4575D954-A672-462B-AB15-8651D16E6087}.Release|x86.ActiveCfg = Release|Win32
		{4575D954-A672-462B-AB15-8651D16E6087}.Release|x86.Build.0 = Release|Win32
		{C31B8D99-2539-4175-B59E-83C8CC919262}.Debug|x64.ActiveCfg = Debug|x64
		{C31B8D99-2539-4175-B59E-83C8CC919262}.Debug|x64.Build.0 = Debug|x64
		{C31B8D99-2539-4175-B59E-83C8CC919262}.Debug|x86.ActiveCfg = Debug|Win32
		{C31B8D99-2539-4175-B59E-83C8CC919262}.Debug|x86.Build.0 = Debug|Win32
		{C31B8D99-2539-4175-B59E-83C8CC919262}.Release|x64.ActiveCfg = Release|x64
		{C31B8D99-2539-4175-B59E-83C8CC919262}.Release|x64.Build.0 = Release|x64
		{C31B8D99-2539-4175-B59E-83C8CC919262}.Release|x86.ActiveCfg = Release|Win32
		{C31B8D99-2539-4175-B59E-83C8CC919262}.Release|x86.Build.0 = Release|Win32
		{411D4397-40B0-41ED-A729-22AA6350D496}.Debug|x64.ActiveCfg = Debug|x64
		{411D4397-40B0-41ED-A729-22AA6350D496}.Debug|x64.Build.0 = Debug|x64
		{411D4397-40B0-41ED-A729-22AA6350D496}.Debug|x86.ActiveCfg = Debug|Win32
		{411D4397-40B0-41ED-A729-22AA6350D496}.Debug|x86.Build.0 = Debug|Win32
		{411D4397-40B0-41ED-A729-22AA6350D496}.Release|x64.ActiveCfg = Release|x64
		{411D4397-40B0-41ED-A729-22AA6350D496}.Release|x64.Build.0 = Release|x64
		{411D4397-40B0-41ED-A729-22AA6350D496}.Release|x86.ActiveCfg = Release|Win32
		{411D4397-40B0-41ED-A729-22AA6350D496}.Release|x86.Build.0 = Release|Win32
		{5757F33F-D227-4489-AE88-8D674F42991C}.Debug|x64.ActiveCfg = Debug|x64
		{5757F33F-D227-4489-AE88-8D674F42991C}.Debug|x64.Build.0 = Debug|x64
		{5757F33F-D227-4489-AE88-8D674F42991C}.Debug|x86.ActiveCfg = Debug|Win32
		{5757F33F-D227-4489-AE88-8D674F42991C}.Debug|x86.Build.0 = Debug|Win32
		{5757F33F-D227-4489-AE88-8D674F42991C}.Release|x64.ActiveCfg = Release|x64
		{5757F33F-D227-4489-AE88-8D674F42991C}.Release|x64.Build.0 = Release|x64
		{5757F33F-D227-4489-AE88-8D674F42991C}.Release|x86.ActiveCfg = Release|Win32
		{5757F33F-D227-4489-AE88-8D674F42991C}.Release|x86.Build.0 = Release|Win32
		{B19A65E7-56F5-4382-88C7-A2264E8D8936}.Debug|x64.ActiveCfg = Debug|x64
		{B19A65E7-56F5-4382-88C7-A2264E8D8936}.Debug|x64.Build.0 = Debug|x64
		{B19A65E7-56F5-4382-88C7-A2264E8D8936}.Debug|x86.ActiveCfg = Debug|Win32
		{B19A65E7-56F5-4382-88C7-A2264E8D8936}.Debug|x86.Build.0 = Debug|Win32
		{B19A65E7-56F5-4382-88C7-A2264E8D8936}.Release|x64.ActiveCfg = Release|x64
		{B19A65E7-56F5-4382-88C7-A2264E8D8936}.Release|x64.Build.0 = Release|x64
		{B19A65E7-56F5-4382-88C7-A2264E8D8936}.Release|x86.ActiveCfg = Release|Win32
		{B19A65E7-56F5-4382-88C7-A2264E8D8936}.Release|x86.Build.0 = Release|Win32
		{F6F088E2-281C-4B72-AD74-27A43985F7C4}.Debug|x64.ActiveCfg = Debug|x64
		{F6F088E2-281C-4B72-AD74-27A43985F7C4}.Debug|x64.Build.0 = Debug|x64
		{F6F088E2-281C-4B72-AD74-27A43985F7C4}.Debug|x86.ActiveCfg = Debug|Win32
		{F6F088E2-281C-4B72-AD74-27A43985F7C4}.Debug|x86.Build.0 = Debug|Win32
		{F6F088E2-281C-4B72-AD74-27A43985F7C4}.Release|x64.ActiveCfg = Release|x64
		{F6F088E2-281C-4B72-AD74-27A43985F7C4}.Release|x64.Build.0 = Release|x64
		{F6F088E2-281C-4B72-AD74-27A43985F7C4}.Release|x86.ActiveCfg = Release|Win32
		{F6F088E2-281C-4B72-AD74-27A43985F7C4}.Release|x86.Build.0 = Release|Win32
		{8EA327D0-C403-4630-907C-5930CE93D4B8}.Debug|x64.ActiveCfg = Debug|x64
		{8EA327D0-C403-4630-907C-5930CE93D4B8}.Debug|x64.Build.0 = Debug|x64
		{8EA327D0-C403-4630-907C-5930CE93D4B8}.Debug|x86.ActiveCfg = Debug|Win32
		{8EA327D0-C403-4630-907C-5930CE93D4B8}.Debug|x86.Build.0 = Debug|Win32
		{8EA327D0-C403-4630-907C-5930CE93D4B8}.Release|x64.ActiveCfg = Release|x64
		{8EA327D0-C403-4630-907C-5930CE93D4B8}.Release|x64.Build.0 = Release|x64
		{8EA327D0-C403-4630-907C-5930CE93D4B8}.Release|x86.ActiveCfg = Release|Win32
		{8EA327D0-C403-4630-907C-5930CE93D4B8}.Release|x86.Build.0 = Release|Win32
		{71D58FB6-489D-4867-AAB2-04FF463161CA}.Debug|x64.ActiveCfg = Debug|x64
		{71D58FB6-489D-4867-AAB2-04FF463161CA}.Debug|x64.Build.0 = Debug|x64
		{71D58FB6-489D-4867-AAB2-04FF463161CA}.Debug|x86.ActiveCfg = Debug|Win32
		{71D58FB6-489D-4867-AAB2-04FF463161CA}.Debug|x86.Build.0 = Debug|Win32
		{71D58FB6-489D-4867-AAB2-04FF463161CA}.Release|x64.ActiveCfg = Release|x64
		{71D58FB6-489D-4867-AAB2-04FF463161CA}.Release|x64.Build.0 = Release|x64
		{71D58FB6-489D-4867-AAB2-04FF463161CA}.Release|x86.ActiveCfg = Release|Win32
		{71D58FB6-489D-4867-AAB2-04FF463161CA}.Release|x86.Build.0 = Release|Win32
		{099D665E-25EC-47C7-AB0D-86BC4623A5F1}.Debug|x64.ActiveCfg = Debug|x64
		{099D665E-25EC-47C7-AB0D-86BC4623A5F1}.Debug|x64.Build.0 = Debug|x64
		{099D665E-25EC-47C7-AB0D-86BC4623A5F1}.Debug|x86.ActiveCfg = Debug|Win32
		{099D665E-25EC-47C7-AB0D-86BC4623A5F1}.Debug|x86.Build.0 = Debug|Win32
		{099D665E-25EC-47C7-AB0D-86BC4623A5F1}.Release|x64.ActiveCfg = Release|x64
		{099D665E-25EC-47C7-AB0D-86BC4623A5F1}.Release|x64.Build.0 = Release|x64
		{099D665E-25EC-47C7-AB0D-86BC4623A5F1}.Release|x86.ActiveCfg = Release|Win32
		{099D665E-25EC-47C7-AB0D-86BC4623A5F1}.Release|x86.Build.0 = Release|Win32
		{37A5B8AB-DCFB-4B77-A533-96AB9D623B84}.Debug|x64.ActiveCfg = Debug|x64
		{37A5B8AB-DCFB-4B77-A533-96AB9D623B84}.Debug|x64.Build.0 = Debug|x64
		{37A5B8AB-DCFB-4B77-A533-96AB9D623B84}.Debug|x86.ActiveCfg = Debug|Win32
		{37A5B8AB-DCFB-4B77-A533-96AB9D623B84}.Debug|x86.Build.0 = Debug|Win32
		{37A5B8AB-DCFB-4B77-A533-96AB9D623B84}.Release|x64.ActiveCfg = Release|x64
		{37A5B8AB-DCFB-4B77-A533-96AB9D623B84}.Release|x64.Build.0 = Release|x64
		{37A5B8AB-DCFB-4B77-A533-96AB9D623B84}.Release|x86.ActiveCfg = Release|Win32
		{37A5B8AB-DCFB-4B77-A533-96AB9D623B84}.Release|x86.Build.0 = Release|Win32
		{3D078F49-A4DA-4686-9BD4-25866A32E8DC}.Debug|x64.ActiveCfg = Debug|x64
		{3D078F49-A4DA-4686-9BD4-25866A32E8DC}.Debug|x64.Build.0 = Debug|x64
		{3D078F49-A4DA-4686-9BD4-25866A32E8DC}.Debug|x86.ActiveCfg = Debug|Win32
		{3D078F49-A4DA-4686-9BD4-25866A32E8DC}.Debug|x86.Build.0 = Debug|Win32
		{3D078F49-A4DA-4686-9BD4-25866A32E8DC}.Release|x64.ActiveCfg = Release|x64
		{3D078F49-A4DA-4686-9BD4-25866A32E8DC}.Release|x64.Build.0 = Release|x64
		{3D078F49-A4DA-4686-9BD4-25866A32E8DC}.Release|x86.ActiveCfg = Release|Win32
		{3D078F49-A4DA-4686-9BD4-25866A32E8DC}.Release|x86.Build.0 = Release|Win32
		{17AC65AA-1AE6-4DB2-AA5D-47F1FCBF56B1}.Debug|x64.ActiveCfg = Debug|x64
		{17AC65AA-1AE6-4DB2-AA5D-47F1FCBF56B1}.Debug|x64.Build.0 = Debug|x64
		{17AC65AA-1AE6-4DB2-AA5D-47F1FCBF56B1}.Debug|x86.ActiveCfg = Debug|Win32
		{17AC65AA-1AE6-4DB2-AA5D-47F1FCBF56B1}.Debug|x86.Build.0 = Debug|Win32
		{17AC65AA-1AE6-4DB2-AA5D-47F1FCBF56B1}.Release|x64.ActiveCfg = Release|x64
		{17AC65AA-1AE6-4DB2-AA5D-47F1FCBF56B1}.Release|x64.Build.0 = Release|x64
		{17AC65AA-1AE6-4DB2-AA5D-47F1FCBF56B1}.Release|x86.ActiveCfg = Release|Win32
		{17AC65AA-1AE6-4DB2-AA5D-47F1FCBF56B1}.Release|x86.Build.0 = Release|Win32
		{5D415CCC-05A7-4331-8152-42D32159EE8F}.Debug|x64.ActiveCfg = Debug|x64
		{5D415CCC-05A7-4331-8152-42D32159EE8F}.Debug|x64.Build.0 = Debug|x64
		{5D415CCC-05A7-4331-8152-42D32159EE8F}.Debug|x86.ActiveCfg = Debug|Win32
		{5D415CCC-05A7-4331-8152-42D32159EE8F}.Debug|x86.Build.0 = Debug|Win32
		{5D415CCC-05A7-4331-8152-42D32159EE8F}.Release|x64.ActiveCfg = Release|x64
		{5D415CCC-05A7-4331-8152-42D32159EE8F}.Release|x64.Build.0 = Release|x64
		{5D415CCC-05A7-4331-8152-42D32159EE8F}.Release|x86.ActiveCfg = Release|Win32
		{5D415CCC-05A7-4331-8152-42D32159EE8F}.Release|x86.Build.0 = Release|Win32
		{2A1F6C09-F5A1-4BB5-A75C-F0B127C8593E}.Debug|x64.ActiveCfg = Debug|x64
		{2A1F6C09-F5A1-4BB5-A75C-F0B127C8593E}.Debug|x64.Build.0 = Debug|x64
		{2A1F6C09-F5A1-4BB5-A75C-F0B127C8593E}.Debug|x86.ActiveCfg = Debug|Win32
		{2A1F6C09-F5A1-4BB5-A75C-F0B127C8593E}.Debug|x86.Build.0 = Debug|Win32
		{2A1F6C09-F5A1-4BB5-A75C-F0B127C8593E}.Release|x64.ActiveCfg = Release|x64
		{2A1F6C09-F5A1-4BB5-A75C-F0B127C8593E}.Release|x64.Build.0 = Release|x64
		{2A1F6C09-F5A1-4BB5-A75C-F0B127C8593E}.Release|x86.ActiveCfg = Release|Win32
		{2A1F6C09-F5A1-4BB5-A75C-F0B127C8593E}.Release|x86.Build.0 = Release|Win32
		{F864115C-4CFB-4D8C-B515-7E3CF3BAD3B4}.Debug|x64.ActiveCfg = Debug|x64
		{F864115C-4CFB-4D8C-B515-7E3CF3BAD3B4}.Debug|x64.Build.0 = Debug|x64
		{F864115C-4CFB-4D8C-B515-7E3CF3BAD3B4}.Debug|x86.ActiveCfg = Debug|Win32
		{F864115C-4CFB-4D8C-B515-7E3CF3BAD3B4}.Debug|x86.Build.0 = Debug|Win32
		{F864115C-4CFB-4D8C-B515-7E3CF3BAD3B4}.Release|x64.ActiveCfg = Release|x64
		{F864115C-4CFB-4D8C-B515-7E3CF3BAD3B4}.Release|x64.Build.0 = Release|x64
		{F864115C-4CFB-4D8C-B515-7E3CF3BAD3B4}.Release|x86.ActiveCfg = Release|Win32
		{F864115C-4CFB-4D8C-B515-7E3CF3BAD3B4}.Release|x86.Build.0 = Release|Win32
		{E973C038-6753-48C2-8BEB-2FDF3B6533FB}.Debug|x64.ActiveCfg = Debug|x64
		{E973C038-6753-48C2-8BEB-2FDF3B6533FB}.Debug|x64.Build.0 = Debug|x64
		{E973C038-6753-48C2-8BEB-2FDF3B6533FB}.Debug|x86.ActiveCfg = Debug|Win32
		{E973C038-6753-48C2-8BEB-2FDF3B6533FB}.Debug|x86.Build.0 = Debug|Win32
		{E973C038-6753-48C2-8BEB-2FDF3B6533FB}.Release|x64.ActiveCfg = Release|x64
		{E973C038-6753-48C2-8BEB-2FDF3B6533FB}.Release|x64.Build.0 = Release|x64
		{E973C038-6753-48C2-8BEB-2FDF3B6533FB}.Release|x86.ActiveCfg = Release|Win32
		{E973C038-6753-48C2-8BEB-2FDF3B6533FB}.Release|x86.Build.0 = Release|Win32
		{2CBEC84D-7C92-4660-8AC8-8FCE1DF3C187}.Debug|x64.ActiveCfg = Debug|x64
		{2CBEC84D-7C92-4660-8AC8-8FCE1DF3C187}.Debug|x64.Build.0 = Debug|x64
		{2CBEC84D-7C92-4660-8AC8-8FCE1DF3C187}.Debug|x86.ActiveCfg = Debug|Win32
		{2CBEC84D-7C92-4660-8AC8-8FCE1DF3C187}.Debug|x86.Build.0 = Debug|Win32
		{2CBEC84D-7C92-4660-8AC8-8FCE1DF3C187}.Release|x64.ActiveCfg = Release|x64
		{2CBEC84D-7C92-4660-8AC8-8FCE1DF3C187}.Release|x64.Build.0 = Release|x64
		{2CBEC84D-7C92-4660-8AC8-8FCE1DF3C187}.Release|x86.ActiveCfg = Release|Win32
		{2CBEC84D-7C92-4660-8AC8-8FCE1DF3C187}.Release|x86.Build.0 = Release|Win32
		{1384FE6E-B80C-4C45-B7DF-1945FE085C25}.Debug|x64.ActiveCfg = Debug|x64
		{1384FE6E-B80C-4C45-B7DF-1945FE085C25}.Debug|x64.Build.0 = Debug|x64
		{1384FE6E-B80C-4C45-B7DF-1945FE085C25}.Debug|x86.ActiveCfg = Debug|Win32
		{1384FE6E-B80C-4C45-B7DF-1945FE085C25}.Debug|x86.Build.0 = Debug|Win32
		{1384FE6E-B80C-4C45-B7DF-1945FE085C25}.Release|x64.ActiveCfg = Release|x64
		{1384FE6E-B80C-4C45-B7DF-1945FE085C25}.Release|x64.Build.0 = Release|x64
		{1384FE6E-B80C-4C45-B7DF-1945FE085C25}.Release|x86.ActiveCfg = Release|Win32
		{1384FE6E-B80C-4C45-B7DF-1945FE085C25}.Release|x86.Build.0 = Release|Win32
		{AE14A36F-4665-469D-B514-C7566BBA6D17}.Debug|x64.ActiveCfg = Debug|x64
		{AE14A36F-4665-469D-B514-C7566BBA6D17}.Debug|x64.Build.0 = Debug|x64
		{AE14A36F-4665-469D-B514-C7566BBA6D17}.Debug|x86.ActiveCfg = Debug|Win32
		{AE14A36F-4665-469D-B514-C7566BBA6D17}.Debug|x86.Build.0 = Debug|Win32
		{AE14A36F-4665-469D-B514-C7566BBA6D17}.Release|x64.ActiveCfg = Release|x64
		{AE14A36F-4665-469D-B514-C7566BBA6D17}.Release|x64.Build.0 = Release|x64
		{AE14A36F-4665-469D-B514-C7566BBA6D17}.Release|x86.ActiveCfg = Release|Win32
		{AE14A36F-4665-469D-B514-C7566BBA6D17}.Release|x86.Build.0 = Release|Win32
		{AB19558E-D181-49CA-84C6-B7181A2C729E}.Debug|x64.ActiveCfg = Debug|x64
		{AB19558E-D181-49CA-84C6-B7181A2C729E}.Debug|x64.Build.0 = Debug|x64
		{AB19558E-D181-49CA-84C6-B7181A2C729E}.Debug|x86.ActiveCfg = Debug|Win32
		{AB19558E-D181-49CA-84C6-B7181A2C729E}.Debug|x86.Build.0 = Debug|Win32
		{AB19558E-D181-49CA-84C6-B7181A2C729E}.Release|x64.ActiveCfg = Release|x64
		{AB19558E-D181-49CA-84C6-B7181A2C729E}.Release|x64.Build.0 = Release|x64
		{AB19558E-D181-49CA-84C6-B7181A2C729E}.Release|x86.ActiveCfg = Release|Win32
		{AB19558E-D181-49CA-84C6-B7181A2C729E}.Release|x86.Build.0 = Release|Win32
		{3FCE989A-ED40-4899-AF15-502DDD40226C}.Debug|x64.ActiveCfg = Debug|x64
		{3FCE989A-ED40-4899-AF15-502DDD40226C}.Debug|x64.Build.0 = Debug|x64
		{3FCE989A-ED40-4899-AF15-502DDD40226C}.Debug|x86.ActiveCfg = Debug|Win32
		{3FCE989A-ED40-4899-AF15-502DDD40226C}.Debug|x86.Build.0 = Debug|Win32
		{3FCE989A-ED40-4899-AF15-502DDD40226C}.Release|x64.ActiveCfg = Release|x64
		{3FCE989A-ED40-4899-AF15-502DDD40226C}.Release|x64.Build.0 = Release|x64
		{3FCE989A-ED40-4899-AF15-502DDD40226C}.Release|x86.ActiveCfg = Release|Win32
		{3FCE989A-ED40-4899-AF15-502DDD40226C}.Release|x86.Build.0 = Release|Win32
		{468BFB08-CB7A-44F8-935B-761D5FD52BD3}.Debug|x64.ActiveCfg = Debug|x64
		{468BFB08-CB7A-44F8-935B-761D5FD52BD3}.Debug|x64.Build.0 = Debug|x64
		{468BFB08-CB7A-44F8-935B-761D5FD52BD3}.Debug|x86.ActiveCfg = Debug|Win32
		{468BFB08-CB7A-44F8-935B-761D5FD52BD3}.Debug|x86.Build.0 = Debug|Win32
		{468BFB08-CB7A-44F8-935B-761D5FD52BD3}.Release|x64.ActiveCfg = Release|x64
		{468BFB08-CB7A-44F8-935B-761D5FD52BD3}.Release|x64.Build.0 = Release|x64
		{468BFB08-CB7A-44F8-935B-761D5FD52BD3}.Release|x86.ActiveCfg = Release|Win32
		{468BFB08-CB7A-44F8-935B-761D5FD52BD3}.Release|x86.Build.0 = Release|Win32
		{3850CE5F-11C6-4DB9-9744-8597BEF1DBC0}.Debug|x64.ActiveCfg = Debug|x64
		{3850CE5F-11C6-4DB9-9744-8597BEF1DBC0}.Debug|x64.Build.0 = Debug|x64
		{3850CE5F-11C6-4DB9-9744-8597BEF1DBC0}.Debug|x86.ActiveCfg = Debug|Win32
		{3850CE5F-11C6-4DB9-9744-8597BEF1DBC0}.Debug|x86.Build.0 = Debug|Win32
		{3850CE5F-11C6-4DB9-9744-8597BEF1DBC0}.Release|x64.ActiveCfg = Release|x64
		{3850CE5F-11C6-4DB9-9744-8597BEF1DBC0}.Release|x64.Build.0 = Release|x64
		{3850CE5F-11C6-4DB9-9744-8597BEF1DBC0}.Release|x86.ActiveCfg = Release|Win32
		{3850CE5F-11C6-4DB9-9744-8597BEF1DBC0}.Release|x86.Build.0 = Release|Win32
		{7A935BD3-145A-45E8-A1C0-3138198ED515}.Debug|x64.ActiveCfg = Debug|x64
		{7A935BD3-145A-45E8-A1C0-3138198ED515}.Debug|x64.Build.0 = Debug|x64
		{7A935BD3-145A-45E8-A1C0-3138198ED515}.Debug|x86.ActiveCfg = Debug|Win32
		{7A935BD3-145A-45E8-A1C0-3138198ED515}.Debug|x86.Build.0 = Debug|Win32
		{7A935BD3-145A-45E8-A1C0-3138198ED515}.Release|x64.ActiveCfg = Release|x64
		{7A935BD3-145A-45E8-A1C0-3138198ED515}.Release|x64.Build.0 = Release|x64
		{7A935BD3-145A-45E8-A1C0-3138198ED515}.Release|x86.ActiveCfg = Release|Win32
		{7A935BD3-145A-45E8-A1C0-3138198ED515}.Release|x86.Build.0 = Release|Win32
		{19C54E39-CB51-477C-84CF-A405009995E3}.Debug|x64.ActiveCfg = Debug|x64
		{19C54E39-CB51-477C-84CF-A405009995E3}.Debug|x64.Build.0 = Debug|x64
		{19C54E39-CB51-477C-84CF-A405009995E3}.Debug|x86.ActiveCfg = Debug|Win32
		{19C54E39-CB51-477C-84CF-A405009995E3}.Debug|x86.Build.0 = Debug|Win32
		{19C54E39-CB51-477C-84CF-A405009995E3}.Release|x64.ActiveCfg = Release|x64
		{19C54E39-CB51-477C-84CF-A405009995E3}.Release|x64.Build.0 = Release|x64
		{19C54E39-CB51-477C-84CF-A405009995E3}.Release|x86.ActiveCfg = Release|Win32
		{19C54E39-CB51-477C-84CF-A405009995E3}.Release|x86.Build.0 = Release|Win32
		{0559AE19-1399-4E33-BB0A-98D97DAB0814}.Debug|x64.ActiveCfg = Debug|x64
		{0559AE19-1399-4E33-BB0A-98D97DAB0814}.Debug|x64.Build.0 = Debug|x64
		{0559AE19-1399-4E33-BB0A-98D97DAB0814}.Debug|x86.ActiveCfg = Debug|Win32
		{0559AE19-1399-4E33-BB0A-98D97DAB0814}.Debug|x86.Build.0 = Debug|Win32
		{0559AE19-1399-4E33-BB0A-98D97DAB0814}.Release|x64.ActiveCfg = Release|x64
		{0559AE19-1399-4E33-BB0A-98D97DAB0814}.Release|x64.Build.0 = Release|x64
		{0559AE19-1399-4E33-BB0A-98D97DAB0814}.Release|x86.ActiveCfg = Release|Win32
		{0559AE19-1399-4E33-BB0A-98D97DAB0814}.Release|x86.Build.0 = Release|Win32
		{6DD38F5B-1675-4DEF-9C0E-AD97EB579632}.Debug|x64.ActiveCfg = Debug|x64
		{6DD38F5B-1675-4DEF-9C0E-AD97EB579632}.Debug|x64.Build.0 = Debug|x64
		{6DD38F5B-1675-4DEF-9C0E-AD97EB579632}.Debug|x86.ActiveCfg = Debug|Win32
		{6DD38F5B-1675-4DEF-9C0E-AD97EB579632}.Debug|x86.Build.0 = Debug|Win32
		{6DD38F5B-1675-4DEF-9C0E-AD97EB579632}.Release|x64.ActiveCfg = Release|x64
		{6DD38F5B-1675-4DEF-9C0E-AD97EB579632}.Release|x64.Build.0 = Release|x64
		{6DD38F5B-1675-4DEF-9C0E-AD97EB579632}.Release|x86.ActiveCfg = Release|Win32
		{6DD38F5B-1675-4DEF-9C0E-AD97EB579632}.Release|x86.Build.0 = Release|Win32
		{983E70B8-01F0-40E2-8F04-C28514E1368B}.Debug|x64.ActiveCfg = Debug|x64
		{983E70B8-01F0-40E2-8F04-C28514E1368B}.Debug|x64.Build.0 = Debug|x64
		{983E70B8-01F0-40E2-8F04-C28514E1368B}.Debug|x86.ActiveCfg = Debug|Win32
		{983E70B8-01F0-40E2-8F04-C28514E1368B}.Debug|x86.Build.0 = Debug|Win32
		{983E70B8-01F0-40E2-8F04-C28514E1368B}.Release|x64.ActiveCfg = Release|x64
		{983E70B8-01F0-40E2-8F04-C28514E1368B}.Release|x64.Build.0 = Release|x64
		{983E70B8-01F0-40E2-8F04-C28514E1368B}.Release|x86.ActiveCfg = Release|Win32
		{983E70B8-01F0-40E2-8F04-C28514E1368B}.Release|x86.Build.0 = Release|Win32
		{40E701F2-25E9-459A-BC27-E58D204612A1}.Debug|x64.ActiveCfg = Debug|x64
		{40E701F2-25E9-459A-BC27-E58D204612A1}.Debug|x64.Build.0 = Debug|x64
		{40E701F2-25E9-459A-BC27-E58D204612A1}.Debug|x86.ActiveCfg = Debug|Win32
		{40E701F2-25E9-459A-BC27-E58D204612A1}.Debug|x86.Build.0 = Debug|Win32
		{40E701F2-25E9-459A-BC27-E58D204612A1}.Release|x64.ActiveCfg = Release|x64
		{40E701F2-25E9-459A-BC27-E58D204612A1}.Release|x64.Build.0 = Release|x64
		{40E701F2-25E9-459A-BC27-E58D204612A1}.Release|x86.ActiveCfg = Release|Win32
		{40E701F2-25E9-459A-BC27-E58D204612A1}.Release|x86.Build.0 = Release|Win32
	EndGlobalSection
	GlobalSection(SolutionProperties) = preSolution
		HideSolutionNode = FALSE
	EndGlobalSection
EndGlobal
